// !$*UTF8*$!
{
	archiveVersion = 1;
	classes = {
	};
	objectVersion = 55;
	objects = {

/* Begin PBXBuildFile section */
		14F38703287DE0A400C1E7D3 /* HMLibraryDemo.framework in Frameworks */ = {isa = PBXBuildFile; fileRef = 14F386FA287DE0A400C1E7D3 /* HMLibraryDemo.framework */; };
		14F38708287DE0A400C1E7D3 /* HMLibraryDemoTests.swift in Sources */ = {isa = PBXBuildFile; fileRef = 14F38707287DE0A400C1E7D3 /* HMLibraryDemoTests.swift */; };
		14F38709287DE0A400C1E7D3 /* HMLibraryDemo.h in Headers */ = {isa = PBXBuildFile; fileRef = 14F386FD287DE0A400C1E7D3 /* HMLibraryDemo.h */; settings = {ATTRIBUTES = (Public, ); }; };
		14F38759287DE6EE00C1E7D3 /* HMLibrary.swift in Sources */ = {isa = PBXBuildFile; fileRef = 14F38758287DE6EE00C1E7D3 /* HMLibrary.swift */; };
/* End PBXBuildFile section */

/* Begin PBXContainerItemProxy section */
		14F38704287DE0A400C1E7D3 /* PBXContainerItemProxy */ = {
			isa = PBXContainerItemProxy;
			containerPortal = 14F386F1287DE0A400C1E7D3 /* Project object */;
			proxyType = 1;
			remoteGlobalIDString = 14F386F9287DE0A400C1E7D3;
			remoteInfo = HMLibraryDemo;
		};
		14F38756287DE1B700C1E7D3 /* PBXContainerItemProxy */ = {
			isa = PBXContainerItemProxy;
			containerPortal = 14F38752287DE1B600C1E7D3 /* HMLibraryDemoExamples.xcodeproj */;
			proxyType = 2;
			remoteGlobalIDString = 14F3873B287DE1B400C1E7D3;
			remoteInfo = HMLibraryDemoExamples;
		};
/* End PBXContainerItemProxy section */

/* Begin PBXFileReference section */
		14F386FA287DE0A400C1E7D3 /* HMLibraryDemo.framework */ = {isa = PBXFileReference; explicitFileType = wrapper.framework; includeInIndex = 0; path = HMLibraryDemo.framework; sourceTree = BUILT_PRODUCTS_DIR; };
		14F386FD287DE0A400C1E7D3 /* HMLibraryDemo.h */ = {isa = PBXFileReference; lastKnownFileType = sourcecode.c.h; path = HMLibraryDemo.h; sourceTree = "<group>"; };
		14F38702287DE0A400C1E7D3 /* HMLibraryDemoTests.xctest */ = {isa = PBXFileReference; explicitFileType = wrapper.cfbundle; includeInIndex = 0; path = HMLibraryDemoTests.xctest; sourceTree = BUILT_PRODUCTS_DIR; };
		14F38707287DE0A400C1E7D3 /* HMLibraryDemoTests.swift */ = {isa = PBXFileReference; lastKnownFileType = sourcecode.swift; path = HMLibraryDemoTests.swift; sourceTree = "<group>"; };
		14F38752287DE1B600C1E7D3 /* HMLibraryDemoExamples.xcodeproj */ = {isa = PBXFileReference; lastKnownFileType = "wrapper.pb-project"; name = HMLibraryDemoExamples.xcodeproj; path = ../HMLibraryDemoExamples/HMLibraryDemoExamples.xcodeproj; sourceTree = "<group>"; };
		14F38758287DE6EE00C1E7D3 /* HMLibrary.swift */ = {isa = PBXFileReference; lastKnownFileType = sourcecode.swift; path = HMLibrary.swift; sourceTree = "<group>"; };
/* End PBXFileReference section */

/* Begin PBXFrameworksBuildPhase section */
		14F386F7287DE0A400C1E7D3 /* Frameworks */ = {
			isa = PBXFrameworksBuildPhase;
			buildActionMask = 2147483647;
			files = (
			);
			runOnlyForDeploymentPostprocessing = 0;
		};
		14F386FF287DE0A400C1E7D3 /* Frameworks */ = {
			isa = PBXFrameworksBuildPhase;
			buildActionMask = 2147483647;
			files = (
				14F38703287DE0A400C1E7D3 /* HMLibraryDemo.framework in Frameworks */,
			);
			runOnlyForDeploymentPostprocessing = 0;
		};
/* End PBXFrameworksBuildPhase section */

/* Begin PBXGroup section */
		14F386F0287DE0A400C1E7D3 = {
			isa = PBXGroup;
			children = (
				14F38752287DE1B600C1E7D3 /* HMLibraryDemoExamples.xcodeproj */,
				14F386FC287DE0A400C1E7D3 /* HMLibraryDemo */,
				14F38706287DE0A400C1E7D3 /* HMLibraryDemoTests */,
				14F386FB287DE0A400C1E7D3 /* Products */,
			);
			sourceTree = "<group>";
		};
		14F386FB287DE0A400C1E7D3 /* Products */ = {
			isa = PBXGroup;
			children = (
				14F386FA287DE0A400C1E7D3 /* HMLibraryDemo.framework */,
				14F38702287DE0A400C1E7D3 /* HMLibraryDemoTests.xctest */,
			);
			name = Products;
			sourceTree = "<group>";
		};
		14F386FC287DE0A400C1E7D3 /* HMLibraryDemo */ = {
			isa = PBXGroup;
			children = (
				14F386FD287DE0A400C1E7D3 /* HMLibraryDemo.h */,
				14F38758287DE6EE00C1E7D3 /* HMLibrary.swift */,
			);
			path = HMLibraryDemo;
			sourceTree = "<group>";
		};
		14F38706287DE0A400C1E7D3 /* HMLibraryDemoTests */ = {
			isa = PBXGroup;
			children = (
				14F38707287DE0A400C1E7D3 /* HMLibraryDemoTests.swift */,
			);
			path = HMLibraryDemoTests;
			sourceTree = "<group>";
		};
		14F38753287DE1B600C1E7D3 /* Products */ = {
			isa = PBXGroup;
			children = (
				14F38757287DE1B700C1E7D3 /* HMLibraryDemoExamples.app */,
			);
			name = Products;
			sourceTree = "<group>";
		};
/* End PBXGroup section */

/* Begin PBXHeadersBuildPhase section */
		14F386F5287DE0A400C1E7D3 /* Headers */ = {
			isa = PBXHeadersBuildPhase;
			buildActionMask = 2147483647;
			files = (
				14F38709287DE0A400C1E7D3 /* HMLibraryDemo.h in Headers */,
			);
			runOnlyForDeploymentPostprocessing = 0;
		};
/* End PBXHeadersBuildPhase section */

/* Begin PBXNativeTarget section */
		14F386F9287DE0A400C1E7D3 /* HMLibraryDemo */ = {
			isa = PBXNativeTarget;
			buildConfigurationList = 14F3870C287DE0A400C1E7D3 /* Build configuration list for PBXNativeTarget "HMLibraryDemo" */;
			buildPhases = (
				14F386F5287DE0A400C1E7D3 /* Headers */,
				14F386F6287DE0A400C1E7D3 /* Sources */,
				14F386F7287DE0A400C1E7D3 /* Frameworks */,
				14F386F8287DE0A400C1E7D3 /* Resources */,
			);
			buildRules = (
			);
			dependencies = (
			);
			name = HMLibraryDemo;
			productName = HMLibraryDemo;
			productReference = 14F386FA287DE0A400C1E7D3 /* HMLibraryDemo.framework */;
			productType = "com.apple.product-type.framework";
		};
		14F38701287DE0A400C1E7D3 /* HMLibraryDemoTests */ = {
			isa = PBXNativeTarget;
			buildConfigurationList = 14F3870F287DE0A400C1E7D3 /* Build configuration list for PBXNativeTarget "HMLibraryDemoTests" */;
			buildPhases = (
				14F386FE287DE0A400C1E7D3 /* Sources */,
				14F386FF287DE0A400C1E7D3 /* Frameworks */,
				14F38700287DE0A400C1E7D3 /* Resources */,
			);
			buildRules = (
			);
			dependencies = (
				14F38705287DE0A400C1E7D3 /* PBXTargetDependency */,
			);
			name = HMLibraryDemoTests;
			productName = HMLibraryDemoTests;
			productReference = 14F38702287DE0A400C1E7D3 /* HMLibraryDemoTests.xctest */;
			productType = "com.apple.product-type.bundle.unit-test";
		};
/* End PBXNativeTarget section */

/* Begin PBXProject section */
		14F386F1287DE0A400C1E7D3 /* Project object */ = {
			isa = PBXProject;
			attributes = {
				BuildIndependentTargetsInParallel = 1;
				LastSwiftUpdateCheck = 1340;
				LastUpgradeCheck = 1340;
				TargetAttributes = {
					14F386F9287DE0A400C1E7D3 = {
						CreatedOnToolsVersion = 13.4.1;
						LastSwiftMigration = 1340;
					};
					14F38701287DE0A400C1E7D3 = {
						CreatedOnToolsVersion = 13.4.1;
					};
				};
			};
			buildConfigurationList = 14F386F4287DE0A400C1E7D3 /* Build configuration list for PBXProject "HMLibraryDemo" */;
			compatibilityVersion = "Xcode 13.0";
			developmentRegion = en;
			hasScannedForEncodings = 0;
			knownRegions = (
				en,
				Base,
			);
			mainGroup = 14F386F0287DE0A400C1E7D3;
			productRefGroup = 14F386FB287DE0A400C1E7D3 /* Products */;
			projectDirPath = "";
			projectReferences = (
				{
					ProductGroup = 14F38753287DE1B600C1E7D3 /* Products */;
					ProjectRef = 14F38752287DE1B600C1E7D3 /* HMLibraryDemoExamples.xcodeproj */;
				},
			);
			projectRoot = "";
			targets = (
				14F386F9287DE0A400C1E7D3 /* HMLibraryDemo */,
				14F38701287DE0A400C1E7D3 /* HMLibraryDemoTests */,
			);
		};
/* End PBXProject section */

/* Begin PBXReferenceProxy section */
		14F38757287DE1B700C1E7D3 /* HMLibraryDemoExamples.app */ = {
			isa = PBXReferenceProxy;
			fileType = wrapper.application;
			path = HMLibraryDemoExamples.app;
			remoteRef = 14F38756287DE1B700C1E7D3 /* PBXContainerItemProxy */;
			sourceTree = BUILT_PRODUCTS_DIR;
		};
/* End PBXReferenceProxy section */

/* Begin PBXResourcesBuildPhase section */
		14F386F8287DE0A400C1E7D3 /* Resources */ = {
			isa = PBXResourcesBuildPhase;
			buildActionMask = 2147483647;
			files = (
			);
			runOnlyForDeploymentPostprocessing = 0;
		};
		14F38700287DE0A400C1E7D3 /* Resources */ = {
			isa = PBXResourcesBuildPhase;
			buildActionMask = 2147483647;
			files = (
			);
			runOnlyForDeploymentPostprocessing = 0;
		};
/* End PBXResourcesBuildPhase section */

/* Begin PBXSourcesBuildPhase section */
		14F386F6287DE0A400C1E7D3 /* Sources */ = {
			isa = PBXSourcesBuildPhase;
			buildActionMask = 2147483647;
			files = (
				14F38759287DE6EE00C1E7D3 /* HMLibrary.swift in Sources */,
			);
			runOnlyForDeploymentPostprocessing = 0;
		};
		14F386FE287DE0A400C1E7D3 /* Sources */ = {
			isa = PBXSourcesBuildPhase;
			buildActionMask = 2147483647;
			files = (
				14F38708287DE0A400C1E7D3 /* HMLibraryDemoTests.swift in Sources */,
			);
			runOnlyForDeploymentPostprocessing = 0;
		};
/* End PBXSourcesBuildPhase section */

/* Begin PBXTargetDependency section */
		14F38705287DE0A400C1E7D3 /* PBXTargetDependency */ = {
			isa = PBXTargetDependency;
			target = 14F386F9287DE0A400C1E7D3 /* HMLibraryDemo */;
			targetProxy = 14F38704287DE0A400C1E7D3 /* PBXContainerItemProxy */;
		};
/* End PBXTargetDependency section */

/* Begin XCBuildConfiguration section */
		14F3870A287DE0A400C1E7D3 /* Debug */ = {
			isa = XCBuildConfiguration;
			buildSettings = {
				ALWAYS_SEARCH_USER_PATHS = NO;
				CLANG_ANALYZER_NONNULL = YES;
				CLANG_ANALYZER_NUMBER_OBJECT_CONVERSION = YES_AGGRESSIVE;
				CLANG_CXX_LANGUAGE_STANDARD = "gnu++17";
				CLANG_ENABLE_MODULES = YES;
				CLANG_ENABLE_OBJC_ARC = YES;
				CLANG_ENABLE_OBJC_WEAK = YES;
				CLANG_WARN_BLOCK_CAPTURE_AUTORELEASING = YES;
				CLANG_WARN_BOOL_CONVERSION = YES;
				CLANG_WARN_COMMA = YES;
				CLANG_WARN_CONSTANT_CONVERSION = YES;
				CLANG_WARN_DEPRECATED_OBJC_IMPLEMENTATIONS = YES;
				CLANG_WARN_DIRECT_OBJC_ISA_USAGE = YES_ERROR;
				CLANG_WARN_DOCUMENTATION_COMMENTS = YES;
				CLANG_WARN_EMPTY_BODY = YES;
				CLANG_WARN_ENUM_CONVERSION = YES;
				CLANG_WARN_INFINITE_RECURSION = YES;
				CLANG_WARN_INT_CONVERSION = YES;
				CLANG_WARN_NON_LITERAL_NULL_CONVERSION = YES;
				CLANG_WARN_OBJC_IMPLICIT_RETAIN_SELF = YES;
				CLANG_WARN_OBJC_LITERAL_CONVERSION = YES;
				CLANG_WARN_OBJC_ROOT_CLASS = YES_ERROR;
				CLANG_WARN_QUOTED_INCLUDE_IN_FRAMEWORK_HEADER = YES;
				CLANG_WARN_RANGE_LOOP_ANALYSIS = YES;
				CLANG_WARN_STRICT_PROTOTYPES = YES;
				CLANG_WARN_SUSPICIOUS_MOVE = YES;
				CLANG_WARN_UNGUARDED_AVAILABILITY = YES_AGGRESSIVE;
				CLANG_WARN_UNREACHABLE_CODE = YES;
				CLANG_WARN__DUPLICATE_METHOD_MATCH = YES;
				COPY_PHASE_STRIP = NO;
				CURRENT_PROJECT_VERSION = 1;
				DEBUG_INFORMATION_FORMAT = dwarf;
				ENABLE_STRICT_OBJC_MSGSEND = YES;
				ENABLE_TESTABILITY = YES;
				GCC_C_LANGUAGE_STANDARD = gnu11;
				GCC_DYNAMIC_NO_PIC = NO;
				GCC_NO_COMMON_BLOCKS = YES;
				GCC_OPTIMIZATION_LEVEL = 0;
				GCC_PREPROCESSOR_DEFINITIONS = (
					"DEBUG=1",
					"$(inherited)",
				);
				GCC_WARN_64_TO_32_BIT_CONVERSION = YES;
				GCC_WARN_ABOUT_RETURN_TYPE = YES_ERROR;
				GCC_WARN_UNDECLARED_SELECTOR = YES;
				GCC_WARN_UNINITIALIZED_AUTOS = YES_AGGRESSIVE;
				GCC_WARN_UNUSED_FUNCTION = YES;
				GCC_WARN_UNUSED_VARIABLE = YES;
				IPHONEOS_DEPLOYMENT_TARGET = 15.5;
				MTL_ENABLE_DEBUG_INFO = INCLUDE_SOURCE;
				MTL_FAST_MATH = YES;
				ONLY_ACTIVE_ARCH = YES;
				SDKROOT = iphoneos;
				SWIFT_ACTIVE_COMPILATION_CONDITIONS = DEBUG;
				SWIFT_OPTIMIZATION_LEVEL = "-Onone";
				VERSIONING_SYSTEM = "apple-generic";
				VERSION_INFO_PREFIX = "";
			};
			name = Debug;
		};
		14F3870B287DE0A400C1E7D3 /* Release */ = {
			isa = XCBuildConfiguration;
			buildSettings = {
				ALWAYS_SEARCH_USER_PATHS = NO;
				CLANG_ANALYZER_NONNULL = YES;
				CLANG_ANALYZER_NUMBER_OBJECT_CONVERSION = YES_AGGRESSIVE;
				CLANG_CXX_LANGUAGE_STANDARD = "gnu++17";
				CLANG_ENABLE_MODULES = YES;
				CLANG_ENABLE_OBJC_ARC = YES;
				CLANG_ENABLE_OBJC_WEAK = YES;
				CLANG_WARN_BLOCK_CAPTURE_AUTORELEASING = YES;
				CLANG_WARN_BOOL_CONVERSION = YES;
				CLANG_WARN_COMMA = YES;
				CLANG_WARN_CONSTANT_CONVERSION = YES;
				CLANG_WARN_DEPRECATED_OBJC_IMPLEMENTATIONS = YES;
				CLANG_WARN_DIRECT_OBJC_ISA_USAGE = YES_ERROR;
				CLANG_WARN_DOCUMENTATION_COMMENTS = YES;
				CLANG_WARN_EMPTY_BODY = YES;
				CLANG_WARN_ENUM_CONVERSION = YES;
				CLANG_WARN_INFINITE_RECURSION = YES;
				CLANG_WARN_INT_CONVERSION = YES;
				CLANG_WARN_NON_LITERAL_NULL_CONVERSION = YES;
				CLANG_WARN_OBJC_IMPLICIT_RETAIN_SELF = YES;
				CLANG_WARN_OBJC_LITERAL_CONVERSION = YES;
				CLANG_WARN_OBJC_ROOT_CLASS = YES_ERROR;
				CLANG_WARN_QUOTED_INCLUDE_IN_FRAMEWORK_HEADER = YES;
				CLANG_WARN_RANGE_LOOP_ANALYSIS = YES;
				CLANG_WARN_STRICT_PROTOTYPES = YES;
				CLANG_WARN_SUSPICIOUS_MOVE = YES;
				CLANG_WARN_UNGUARDED_AVAILABILITY = YES_AGGRESSIVE;
				CLANG_WARN_UNREACHABLE_CODE = YES;
				CLANG_WARN__DUPLICATE_METHOD_MATCH = YES;
				COPY_PHASE_STRIP = NO;
				CURRENT_PROJECT_VERSION = 1;
				DEBUG_INFORMATION_FORMAT = "dwarf-with-dsym";
				ENABLE_NS_ASSERTIONS = NO;
				ENABLE_STRICT_OBJC_MSGSEND = YES;
				GCC_C_LANGUAGE_STANDARD = gnu11;
				GCC_NO_COMMON_BLOCKS = YES;
				GCC_WARN_64_TO_32_BIT_CONVERSION = YES;
				GCC_WARN_ABOUT_RETURN_TYPE = YES_ERROR;
				GCC_WARN_UNDECLARED_SELECTOR = YES;
				GCC_WARN_UNINITIALIZED_AUTOS = YES_AGGRESSIVE;
				GCC_WARN_UNUSED_FUNCTION = YES;
				GCC_WARN_UNUSED_VARIABLE = YES;
				IPHONEOS_DEPLOYMENT_TARGET = 15.5;
				MTL_ENABLE_DEBUG_INFO = NO;
				MTL_FAST_MATH = YES;
				SDKROOT = iphoneos;
				SWIFT_COMPILATION_MODE = wholemodule;
				SWIFT_OPTIMIZATION_LEVEL = "-O";
				VALIDATE_PRODUCT = YES;
				VERSIONING_SYSTEM = "apple-generic";
				VERSION_INFO_PREFIX = "";
			};
			name = Release;
		};
		14F3870D287DE0A400C1E7D3 /* Debug */ = {
			isa = XCBuildConfiguration;
			buildSettings = {
				CLANG_ENABLE_MODULES = YES;
				CODE_SIGN_STYLE = Automatic;
				CURRENT_PROJECT_VERSION = 1;
				DEFINES_MODULE = YES;
				DYLIB_COMPATIBILITY_VERSION = 1;
				DYLIB_CURRENT_VERSION = 1;
				DYLIB_INSTALL_NAME_BASE = "@rpath";
				GENERATE_INFOPLIST_FILE = YES;
				INFOPLIST_KEY_NSHumanReadableCopyright = "";
				INSTALL_PATH = "$(LOCAL_LIBRARY_DIR)/Frameworks";
				LD_RUNPATH_SEARCH_PATHS = (
					"$(inherited)",
					"@executable_path/Frameworks",
					"@loader_path/Frameworks",
				);
				MARKETING_VERSION = 1.0;
				PRODUCT_BUNDLE_IDENTIFIER = com.yanfeng.HMLibraryDemo;
				PRODUCT_NAME = "$(TARGET_NAME:c99extidentifier)";
				SKIP_INSTALL = YES;
				SWIFT_EMIT_LOC_STRINGS = YES;
				SWIFT_OPTIMIZATION_LEVEL = "-Onone";
				SWIFT_VERSION = 5.0;
				TARGETED_DEVICE_FAMILY = "1,2";
			};
			name = Debug;
		};
		14F3870E287DE0A400C1E7D3 /* Release */ = {
			isa = XCBuildConfiguration;
			buildSettings = {
				CLANG_ENABLE_MODULES = YES;
				CODE_SIGN_STYLE = Automatic;
				CURRENT_PROJECT_VERSION = 1;
				DEFINES_MODULE = YES;
				DYLIB_COMPATIBILITY_VERSION = 1;
				DYLIB_CURRENT_VERSION = 1;
				DYLIB_INSTALL_NAME_BASE = "@rpath";
				GENERATE_INFOPLIST_FILE = YES;
				INFOPLIST_KEY_NSHumanReadableCopyright = "";
				INSTALL_PATH = "$(LOCAL_LIBRARY_DIR)/Frameworks";
				LD_RUNPATH_SEARCH_PATHS = (
					"$(inherited)",
					"@executable_path/Frameworks",
					"@loader_path/Frameworks",
				);
				MARKETING_VERSION = 1.0;
				PRODUCT_BUNDLE_IDENTIFIER = com.yanfeng.HMLibraryDemo;
				PRODUCT_NAME = "$(TARGET_NAME:c99extidentifier)";
				SKIP_INSTALL = YES;
				SWIFT_EMIT_LOC_STRINGS = YES;
				SWIFT_VERSION = 5.0;
				TARGETED_DEVICE_FAMILY = "1,2";
			};
			name = Release;
		};
		14F38710287DE0A400C1E7D3 /* Debug */ = {
			isa = XCBuildConfiguration;
			buildSettings = {
				ALWAYS_EMBED_SWIFT_STANDARD_LIBRARIES = YES;
				CODE_SIGN_STYLE = Automatic;
				CURRENT_PROJECT_VERSION = 1;
				GENERATE_INFOPLIST_FILE = YES;
				MARKETING_VERSION = 1.0;
				PRODUCT_BUNDLE_IDENTIFIER = com.yanfeng.HMLibraryDemoTests;
				PRODUCT_NAME = "$(TARGET_NAME)";
				SWIFT_EMIT_LOC_STRINGS = NO;
				SWIFT_VERSION = 5.0;
				TARGETED_DEVICE_FAMILY = "1,2";
			};
			name = Debug;
		};
		14F38711287DE0A400C1E7D3 /* Release */ = {
			isa = XCBuildConfiguration;
			buildSettings = {
				ALWAYS_EMBED_SWIFT_STANDARD_LIBRARIES = YES;
				CODE_SIGN_STYLE = Automatic;
				CURRENT_PROJECT_VERSION = 1;
				GENERATE_INFOPLIST_FILE = YES;
				MARKETING_VERSION = 1.0;
				PRODUCT_BUNDLE_IDENTIFIER = com.yanfeng.HMLibraryDemoTests;
				PRODUCT_NAME = "$(TARGET_NAME)";
				SWIFT_EMIT_LOC_STRINGS = NO;
				SWIFT_VERSION = 5.0;
				TARGETED_DEVICE_FAMILY = "1,2";
			};
			name = Release;
		};
/* End XCBuildConfiguration section */

/* Begin XCConfigurationList section */
		14F386F4287DE0A400C1E7D3 /* Build configuration list for PBXProject "HMLibraryDemo" */ = {
			isa = XCConfigurationList;
			buildConfigurations = (
				14F3870A287DE0A400C1E7D3 /* Debug */,
				14F3870B287DE0A400C1E7D3 /* Release */,
			);
			defaultConfigurationIsVisible = 0;
			defaultConfigurationName = Release;
		};
		14F3870C287DE0A400C1E7D3 /* Build configuration list for PBXNativeTarget "HMLibraryDemo" */ = {
			isa = XCConfigurationList;
			buildConfigurations = (
				14F3870D287DE0A400C1E7D3 /* Debug */,
				14F3870E287DE0A400C1E7D3 /* Release */,
			);
			defaultConfigurationIsVisible = 0;
			defaultConfigurationName = Release;
		};
		14F3870F287DE0A400C1E7D3 /* Build configuration list for PBXNativeTarget "HMLibraryDemoTests" */ = {
			isa = XCConfigurationList;
			buildConfigurations = (
				14F38710287DE0A400C1E7D3 /* Debug */,
				14F38711287DE0A400C1E7D3 /* Release */,
			);
			defaultConfigurationIsVisible = 0;
			defaultConfigurationName = Release;
		};
/* End XCConfigurationList section */
	};
	rootObject = 14F386F1287DE0A400C1E7D3 /* Project object */;
}
